
Microsoft Visual Studio Solution File, Format Version 12.00
# Visual Studio Version 17
VisualStudioVersion = 17.9.34622.214
MinimumVisualStudioVersion = 10.0.40219.1
Project("{FAE04EC0-301F-11D3-BF4B-00C04F79EFBC}") = "E-LearningApplication", "E-LearningApplication\E-LearningApplication.csproj", "{2595EEFE-921B-4CA9-868D-0FB2641BCE6B}"
EndProject
Global
	GlobalSection(SolutionConfigurationPlatforms) = preSolution
		Debug|Any CPU = Debug|Any CPU
		Release|Any CPU = Release|Any CPU
	EndGlobalSection
	GlobalSection(ProjectConfigurationPlatforms) = postSolution
		{2595EEFE-921B-4CA9-868D-0FB2641BCE6B}.Debug|Any CPU.ActiveCfg = Debug|Any CPU
		{2595EEFE-921B-4CA9-868D-0FB2641BCE6B}.Debug|Any CPU.Build.0 = Debug|Any CPU
		{2595EEFE-921B-4CA9-868D-0FB2641BCE6B}.Release|Any CPU.ActiveCfg = Release|Any CPU
		{2595EEFE-921B-4CA9-868D-0FB2641BCE6B}.Release|Any CPU.Build.0 = Release|Any CPU
	EndGlobalSection
	GlobalSection(SolutionProperties) = preSolution
		HideSolutionNode = FALSE
	EndGlobalSection
	GlobalSection(ExtensibilityGlobals) = postSolution
		SolutionGuid = {6AC3372C-35FA-4062-904F-0EF4F98CE948}
	EndGlobalSection
EndGlobal
